// !$*UTF8*$!
{
	archiveVersion = 1;
	classes = {
	};
	objectVersion = 46;
	objects = {

/* Begin PBXBuildFile section */
		3B3B3E0E1C2DFB3900045C78 /* SimpleDataSource.swift in Sources */ = {isa = PBXBuildFile; fileRef = 3B3B3E0D1C2DFB3900045C78 /* SimpleDataSource.swift */; };
		3B3B3E101C2DFF3600045C78 /* TrackingService.swift in Sources */ = {isa = PBXBuildFile; fileRef = 3B3B3E0F1C2DFF3600045C78 /* TrackingService.swift */; };
		3B3B3E131C2DFF8C00045C78 /* SerivceLoginViewControllerFactory.swift in Sources */ = {isa = PBXBuildFile; fileRef = 3B3B3E121C2DFF8C00045C78 /* SerivceLoginViewControllerFactory.swift */; };
		3B3E2B971C2D1430008311D3 /* AddAccountViewController.swift in Sources */ = {isa = PBXBuildFile; fileRef = 3B3E2B961C2D1430008311D3 /* AddAccountViewController.swift */; };
		3B3E2B9B1C2D156D008311D3 /* AddAccount.storyboard in Resources */ = {isa = PBXBuildFile; fileRef = 3B3E2B9A1C2D156D008311D3 /* AddAccount.storyboard */; };
		3B7650221C2DF38100F1EBA7 /* ServiceAssets.xcassets in Resources */ = {isa = PBXBuildFile; fileRef = 3B7650211C2DF38100F1EBA7 /* ServiceAssets.xcassets */; };
		3B7650261C2DF6CD00F1EBA7 /* ServiceTypeTableViewCell.swift in Sources */ = {isa = PBXBuildFile; fileRef = 3B7650251C2DF6CD00F1EBA7 /* ServiceTypeTableViewCell.swift */; };
		3B7650291C2DF92300F1EBA7 /* ServiceListViewController.swift in Sources */ = {isa = PBXBuildFile; fileRef = 3B7650281C2DF92300F1EBA7 /* ServiceListViewController.swift */; };
		3BF358CC1C29CD7E00714457 /* AppDelegate.swift in Sources */ = {isa = PBXBuildFile; fileRef = 3BF358CB1C29CD7E00714457 /* AppDelegate.swift */; };
		3BF358D31C29CD7E00714457 /* Assets.xcassets in Resources */ = {isa = PBXBuildFile; fileRef = 3BF358D21C29CD7E00714457 /* Assets.xcassets */; };
		3BF358D61C29CD7E00714457 /* LaunchScreen.storyboard in Resources */ = {isa = PBXBuildFile; fileRef = 3BF358D41C29CD7E00714457 /* LaunchScreen.storyboard */; };
		3BF358EC1C29CD7E00714457 /* IssuesUITests.swift in Sources */ = {isa = PBXBuildFile; fileRef = 3BF358EB1C29CD7E00714457 /* IssuesUITests.swift */; };
		3BF359011C29CDAA00714457 /* IssuesKit.h in Headers */ = {isa = PBXBuildFile; fileRef = 3BF359001C29CDAA00714457 /* IssuesKit.h */; settings = {ATTRIBUTES = (Public, ); }; };
		3BF359081C29CDAA00714457 /* IssuesKit.framework in Frameworks */ = {isa = PBXBuildFile; fileRef = 3BF358FE1C29CDAA00714457 /* IssuesKit.framework */; };
		3BF3590F1C29CDAA00714457 /* IssuesKitTests.swift in Sources */ = {isa = PBXBuildFile; fileRef = 3BF3590E1C29CDAA00714457 /* IssuesKitTests.swift */; };
		3BF359131C29CDAA00714457 /* IssuesKit.framework in Frameworks */ = {isa = PBXBuildFile; fileRef = 3BF358FE1C29CDAA00714457 /* IssuesKit.framework */; };
		3BF359141C29CDAA00714457 /* IssuesKit.framework in Embed Frameworks */ = {isa = PBXBuildFile; fileRef = 3BF358FE1C29CDAA00714457 /* IssuesKit.framework */; settings = {ATTRIBUTES = (CodeSignOnCopy, RemoveHeadersOnCopy, ); }; };
		3BF3591F1C29CE8200714457 /* Realm.framework in Frameworks */ = {isa = PBXBuildFile; fileRef = 3BF3591D1C29CE8200714457 /* Realm.framework */; };
		3BF359201C29CE8200714457 /* RealmSwift.framework in Frameworks */ = {isa = PBXBuildFile; fileRef = 3BF3591E1C29CE8200714457 /* RealmSwift.framework */; };
		3BF359211C29CEE500714457 /* Realm.framework in Frameworks */ = {isa = PBXBuildFile; fileRef = 3BF3591D1C29CE8200714457 /* Realm.framework */; };
		3BF359221C29CEE500714457 /* RealmSwift.framework in Frameworks */ = {isa = PBXBuildFile; fileRef = 3BF3591E1C29CE8200714457 /* RealmSwift.framework */; };
		3BF359281C29D54000714457 /* ApplicationCoordinator.swift in Sources */ = {isa = PBXBuildFile; fileRef = 3BF359271C29D54000714457 /* ApplicationCoordinator.swift */; };
		3BF3592A1C29D59200714457 /* AddAccountCoordinator.swift in Sources */ = {isa = PBXBuildFile; fileRef = 3BF359291C29D59200714457 /* AddAccountCoordinator.swift */; };
		3BF3592D1C2BA2B700714457 /* ApplicationViewController.swift in Sources */ = {isa = PBXBuildFile; fileRef = 3BF3592C1C2BA2B700714457 /* ApplicationViewController.swift */; };
		3BF3592F1C2C11A100714457 /* Coordinator.swift in Sources */ = {isa = PBXBuildFile; fileRef = 3BF3592E1C2C11A100714457 /* Coordinator.swift */; };
		3BF359311C2C144200714457 /* AccountListCoordinator.swift in Sources */ = {isa = PBXBuildFile; fileRef = 3BF359301C2C144200714457 /* AccountListCoordinator.swift */; };
		3BF359351C2C14A200714457 /* PresentationContext.swift in Sources */ = {isa = PBXBuildFile; fileRef = 3BF359341C2C14A200714457 /* PresentationContext.swift */; };
		3BF359371C2C14B600714457 /* ViewControllerPresentationContext.swift in Sources */ = {isa = PBXBuildFile; fileRef = 3BF359361C2C14B600714457 /* ViewControllerPresentationContext.swift */; };
		3BF359391C2C185000714457 /* AccountListViewController.swift in Sources */ = {isa = PBXBuildFile; fileRef = 3BF359381C2C185000714457 /* AccountListViewController.swift */; };
		3BF3593C1C2C1AFD00714457 /* CoordinatorStack.swift in Sources */ = {isa = PBXBuildFile; fileRef = 3BF3593B1C2C1AFD00714457 /* CoordinatorStack.swift */; };
/* End PBXBuildFile section */

/* Begin PBXContainerItemProxy section */
		3BF358E81C29CD7E00714457 /* PBXContainerItemProxy */ = {
			isa = PBXContainerItemProxy;
			containerPortal = 3BF358C01C29CD7E00714457 /* Project object */;
			proxyType = 1;
			remoteGlobalIDString = 3BF358C71C29CD7E00714457;
			remoteInfo = Issues;
		};
		3BF359091C29CDAA00714457 /* PBXContainerItemProxy */ = {
			isa = PBXContainerItemProxy;
			containerPortal = 3BF358C01C29CD7E00714457 /* Project object */;
			proxyType = 1;
			remoteGlobalIDString = 3BF358FD1C29CDAA00714457;
			remoteInfo = IssuesKit;
		};
		3BF3590B1C29CDAA00714457 /* PBXContainerItemProxy */ = {
			isa = PBXContainerItemProxy;
			containerPortal = 3BF358C01C29CD7E00714457 /* Project object */;
			proxyType = 1;
			remoteGlobalIDString = 3BF358C71C29CD7E00714457;
			remoteInfo = Issues;
		};
		3BF359111C29CDAA00714457 /* PBXContainerItemProxy */ = {
			isa = PBXContainerItemProxy;
			containerPortal = 3BF358C01C29CD7E00714457 /* Project object */;
			proxyType = 1;
			remoteGlobalIDString = 3BF358FD1C29CDAA00714457;
			remoteInfo = IssuesKit;
		};
/* End PBXContainerItemProxy section */

/* Begin PBXCopyFilesBuildPhase section */
		3BF359181C29CDAA00714457 /* Embed Frameworks */ = {
			isa = PBXCopyFilesBuildPhase;
			buildActionMask = 2147483647;
			dstPath = "";
			dstSubfolderSpec = 10;
			files = (
				3BF359141C29CDAA00714457 /* IssuesKit.framework in Embed Frameworks */,
			);
			name = "Embed Frameworks";
			runOnlyForDeploymentPostprocessing = 0;
		};
/* End PBXCopyFilesBuildPhase section */

/* Begin PBXFileReference section */
		3B3B3E0D1C2DFB3900045C78 /* SimpleDataSource.swift */ = {isa = PBXFileReference; fileEncoding = 4; lastKnownFileType = sourcecode.swift; path = SimpleDataSource.swift; sourceTree = "<group>"; };
		3B3B3E0F1C2DFF3600045C78 /* TrackingService.swift */ = {isa = PBXFileReference; fileEncoding = 4; lastKnownFileType = sourcecode.swift; path = TrackingService.swift; sourceTree = "<group>"; };
		3B3B3E121C2DFF8C00045C78 /* SerivceLoginViewControllerFactory.swift */ = {isa = PBXFileReference; fileEncoding = 4; lastKnownFileType = sourcecode.swift; path = SerivceLoginViewControllerFactory.swift; sourceTree = "<group>"; };
		3B3E2B961C2D1430008311D3 /* AddAccountViewController.swift */ = {isa = PBXFileReference; fileEncoding = 4; lastKnownFileType = sourcecode.swift; path = AddAccountViewController.swift; sourceTree = "<group>"; };
		3B3E2B9A1C2D156D008311D3 /* AddAccount.storyboard */ = {isa = PBXFileReference; fileEncoding = 4; lastKnownFileType = file.storyboard; path = AddAccount.storyboard; sourceTree = "<group>"; };
		3B7650211C2DF38100F1EBA7 /* ServiceAssets.xcassets */ = {isa = PBXFileReference; lastKnownFileType = folder.assetcatalog; path = ServiceAssets.xcassets; sourceTree = "<group>"; };
		3B7650251C2DF6CD00F1EBA7 /* ServiceTypeTableViewCell.swift */ = {isa = PBXFileReference; fileEncoding = 4; lastKnownFileType = sourcecode.swift; path = ServiceTypeTableViewCell.swift; sourceTree = "<group>"; };
		3B7650281C2DF92300F1EBA7 /* ServiceListViewController.swift */ = {isa = PBXFileReference; fileEncoding = 4; lastKnownFileType = sourcecode.swift; path = ServiceListViewController.swift; sourceTree = "<group>"; };
		3BF358C81C29CD7E00714457 /* Issues.app */ = {isa = PBXFileReference; explicitFileType = wrapper.application; includeInIndex = 0; path = Issues.app; sourceTree = BUILT_PRODUCTS_DIR; };
		3BF358CB1C29CD7E00714457 /* AppDelegate.swift */ = {isa = PBXFileReference; lastKnownFileType = sourcecode.swift; path = AppDelegate.swift; sourceTree = "<group>"; };
		3BF358D21C29CD7E00714457 /* Assets.xcassets */ = {isa = PBXFileReference; lastKnownFileType = folder.assetcatalog; path = Assets.xcassets; sourceTree = "<group>"; };
		3BF358D51C29CD7E00714457 /* Base */ = {isa = PBXFileReference; lastKnownFileType = file.storyboard; name = Base; path = Base.lproj/LaunchScreen.storyboard; sourceTree = "<group>"; };
		3BF358D71C29CD7E00714457 /* Info.plist */ = {isa = PBXFileReference; lastKnownFileType = text.plist.xml; path = Info.plist; sourceTree = "<group>"; };
		3BF358E71C29CD7E00714457 /* IssuesUITests.xctest */ = {isa = PBXFileReference; explicitFileType = wrapper.cfbundle; includeInIndex = 0; path = IssuesUITests.xctest; sourceTree = BUILT_PRODUCTS_DIR; };
		3BF358EB1C29CD7E00714457 /* IssuesUITests.swift */ = {isa = PBXFileReference; lastKnownFileType = sourcecode.swift; path = IssuesUITests.swift; sourceTree = "<group>"; };
		3BF358ED1C29CD7E00714457 /* Info.plist */ = {isa = PBXFileReference; lastKnownFileType = text.plist.xml; path = Info.plist; sourceTree = "<group>"; };
		3BF358FE1C29CDAA00714457 /* IssuesKit.framework */ = {isa = PBXFileReference; explicitFileType = wrapper.framework; includeInIndex = 0; path = IssuesKit.framework; sourceTree = BUILT_PRODUCTS_DIR; };
		3BF359001C29CDAA00714457 /* IssuesKit.h */ = {isa = PBXFileReference; lastKnownFileType = sourcecode.c.h; path = IssuesKit.h; sourceTree = "<group>"; };
		3BF359021C29CDAA00714457 /* Info.plist */ = {isa = PBXFileReference; lastKnownFileType = text.plist.xml; path = Info.plist; sourceTree = "<group>"; };
		3BF359071C29CDAA00714457 /* IssuesKitTests.xctest */ = {isa = PBXFileReference; explicitFileType = wrapper.cfbundle; includeInIndex = 0; path = IssuesKitTests.xctest; sourceTree = BUILT_PRODUCTS_DIR; };
		3BF3590E1C29CDAA00714457 /* IssuesKitTests.swift */ = {isa = PBXFileReference; lastKnownFileType = sourcecode.swift; path = IssuesKitTests.swift; sourceTree = "<group>"; };
		3BF359101C29CDAA00714457 /* Info.plist */ = {isa = PBXFileReference; lastKnownFileType = text.plist.xml; path = Info.plist; sourceTree = "<group>"; };
		3BF3591D1C29CE8200714457 /* Realm.framework */ = {isa = PBXFileReference; lastKnownFileType = wrapper.framework; name = Realm.framework; path = Carthage/Build/iOS/Realm.framework; sourceTree = "<group>"; };
		3BF3591E1C29CE8200714457 /* RealmSwift.framework */ = {isa = PBXFileReference; lastKnownFileType = wrapper.framework; name = RealmSwift.framework; path = Carthage/Build/iOS/RealmSwift.framework; sourceTree = "<group>"; };
		3BF359271C29D54000714457 /* ApplicationCoordinator.swift */ = {isa = PBXFileReference; fileEncoding = 4; lastKnownFileType = sourcecode.swift; path = ApplicationCoordinator.swift; sourceTree = "<group>"; };
		3BF359291C29D59200714457 /* AddAccountCoordinator.swift */ = {isa = PBXFileReference; fileEncoding = 4; lastKnownFileType = sourcecode.swift; path = AddAccountCoordinator.swift; sourceTree = "<group>"; };
		3BF3592C1C2BA2B700714457 /* ApplicationViewController.swift */ = {isa = PBXFileReference; fileEncoding = 4; lastKnownFileType = sourcecode.swift; path = ApplicationViewController.swift; sourceTree = "<group>"; };
		3BF3592E1C2C11A100714457 /* Coordinator.swift */ = {isa = PBXFileReference; fileEncoding = 4; lastKnownFileType = sourcecode.swift; path = Coordinator.swift; sourceTree = "<group>"; };
		3BF359301C2C144200714457 /* AccountListCoordinator.swift */ = {isa = PBXFileReference; fileEncoding = 4; lastKnownFileType = sourcecode.swift; path = AccountListCoordinator.swift; sourceTree = "<group>"; };
		3BF359341C2C14A200714457 /* PresentationContext.swift */ = {isa = PBXFileReference; fileEncoding = 4; lastKnownFileType = sourcecode.swift; path = PresentationContext.swift; sourceTree = "<group>"; };
		3BF359361C2C14B600714457 /* ViewControllerPresentationContext.swift */ = {isa = PBXFileReference; fileEncoding = 4; lastKnownFileType = sourcecode.swift; path = ViewControllerPresentationContext.swift; sourceTree = "<group>"; };
		3BF359381C2C185000714457 /* AccountListViewController.swift */ = {isa = PBXFileReference; fileEncoding = 4; lastKnownFileType = sourcecode.swift; path = AccountListViewController.swift; sourceTree = "<group>"; };
		3BF3593B1C2C1AFD00714457 /* CoordinatorStack.swift */ = {isa = PBXFileReference; fileEncoding = 4; lastKnownFileType = sourcecode.swift; path = CoordinatorStack.swift; sourceTree = "<group>"; };
/* End PBXFileReference section */

/* Begin PBXFrameworksBuildPhase section */
		3BF358C51C29CD7E00714457 /* Frameworks */ = {
			isa = PBXFrameworksBuildPhase;
			buildActionMask = 2147483647;
			files = (
				3BF3591F1C29CE8200714457 /* Realm.framework in Frameworks */,
				3BF359131C29CDAA00714457 /* IssuesKit.framework in Frameworks */,
				3BF359201C29CE8200714457 /* RealmSwift.framework in Frameworks */,
			);
			runOnlyForDeploymentPostprocessing = 0;
		};
		3BF358E41C29CD7E00714457 /* Frameworks */ = {
			isa = PBXFrameworksBuildPhase;
			buildActionMask = 2147483647;
			files = (
			);
			runOnlyForDeploymentPostprocessing = 0;
		};
		3BF358FA1C29CDAA00714457 /* Frameworks */ = {
			isa = PBXFrameworksBuildPhase;
			buildActionMask = 2147483647;
			files = (
				3BF359211C29CEE500714457 /* Realm.framework in Frameworks */,
				3BF359221C29CEE500714457 /* RealmSwift.framework in Frameworks */,
			);
			runOnlyForDeploymentPostprocessing = 0;
		};
		3BF359041C29CDAA00714457 /* Frameworks */ = {
			isa = PBXFrameworksBuildPhase;
			buildActionMask = 2147483647;
			files = (
				3BF359081C29CDAA00714457 /* IssuesKit.framework in Frameworks */,
			);
			runOnlyForDeploymentPostprocessing = 0;
		};
/* End PBXFrameworksBuildPhase section */

/* Begin PBXGroup section */
		3B3B3E0C1C2DFB2800045C78 /* DataSources */ = {
			isa = PBXGroup;
			children = (
				3B3B3E0D1C2DFB3900045C78 /* SimpleDataSource.swift */,
			);
			name = DataSources;
			sourceTree = "<group>";
		};
		3B3B3E111C2DFF7200045C78 /* Factories */ = {
			isa = PBXGroup;
			children = (
				3B3B3E121C2DFF8C00045C78 /* SerivceLoginViewControllerFactory.swift */,
			);
			name = Factories;
			sourceTree = "<group>";
		};
		3B3E2B981C2D1559008311D3 /* Assets */ = {
			isa = PBXGroup;
			children = (
				3B7650211C2DF38100F1EBA7 /* ServiceAssets.xcassets */,
				3B3E2B991C2D155C008311D3 /* Xibs */,
			);
			name = Assets;
			sourceTree = "<group>";
		};
		3B3E2B991C2D155C008311D3 /* Xibs */ = {
			isa = PBXGroup;
			children = (
				3B3E2B9A1C2D156D008311D3 /* AddAccount.storyboard */,
			);
			name = Xibs;
			sourceTree = "<group>";
		};
		3B7650231C2DF6A200F1EBA7 /* Views */ = {
			isa = PBXGroup;
			children = (
				3B7650241C2DF6A600F1EBA7 /* Collection View Cells */,
			);
			name = Views;
			sourceTree = "<group>";
		};
		3B7650241C2DF6A600F1EBA7 /* Collection View Cells */ = {
			isa = PBXGroup;
			children = (
				3B7650251C2DF6CD00F1EBA7 /* ServiceTypeTableViewCell.swift */,
			);
			name = "Collection View Cells";
			sourceTree = "<group>";
		};
		3B7650271C2DF87400F1EBA7 /* Add Account */ = {
			isa = PBXGroup;
			children = (
				3B3E2B961C2D1430008311D3 /* AddAccountViewController.swift */,
				3B7650281C2DF92300F1EBA7 /* ServiceListViewController.swift */,
			);
			name = "Add Account";
			sourceTree = "<group>";
		};
		3BF358BF1C29CD7E00714457 = {
			isa = PBXGroup;
			children = (
				3BF358CA1C29CD7E00714457 /* Issues */,
				3BF358EA1C29CD7E00714457 /* IssuesUITests */,
				3BF358FF1C29CDAA00714457 /* IssuesKit */,
				3BF3590D1C29CDAA00714457 /* IssuesKitTests */,
				3BF358C91C29CD7E00714457 /* Products */,
				3BF3591C1C29CE6F00714457 /* frameworks */,
			);
			sourceTree = "<group>";
		};
		3BF358C91C29CD7E00714457 /* Products */ = {
			isa = PBXGroup;
			children = (
				3BF358C81C29CD7E00714457 /* Issues.app */,
				3BF358E71C29CD7E00714457 /* IssuesUITests.xctest */,
				3BF358FE1C29CDAA00714457 /* IssuesKit.framework */,
				3BF359071C29CDAA00714457 /* IssuesKitTests.xctest */,
			);
			name = Products;
			sourceTree = "<group>";
		};
		3BF358CA1C29CD7E00714457 /* Issues */ = {
			isa = PBXGroup;
			children = (
				3BF358CB1C29CD7E00714457 /* AppDelegate.swift */,
				3BF358D21C29CD7E00714457 /* Assets.xcassets */,
				3BF358D41C29CD7E00714457 /* LaunchScreen.storyboard */,
				3BF358D71C29CD7E00714457 /* Info.plist */,
			);
			path = Issues;
			sourceTree = "<group>";
		};
		3BF358EA1C29CD7E00714457 /* IssuesUITests */ = {
			isa = PBXGroup;
			children = (
				3BF358EB1C29CD7E00714457 /* IssuesUITests.swift */,
				3BF358ED1C29CD7E00714457 /* Info.plist */,
			);
			path = IssuesUITests;
			sourceTree = "<group>";
		};
		3BF358FF1C29CDAA00714457 /* IssuesKit */ = {
			isa = PBXGroup;
			children = (
				3B3E2B981C2D1559008311D3 /* Assets */,
				3BF359261C29D4DD00714457 /* Coordinators */,
				3B3B3E111C2DFF7200045C78 /* Factories */,
				3BF359321C2C149500714457 /* Models */,
				3BF3592B1C2BA2A400714457 /* View Controllers */,
				3B7650231C2DF6A200F1EBA7 /* Views */,
				3BF359001C29CDAA00714457 /* IssuesKit.h */,
				3BF359021C29CDAA00714457 /* Info.plist */,
			);
			path = IssuesKit;
			sourceTree = "<group>";
		};
		3BF3590D1C29CDAA00714457 /* IssuesKitTests */ = {
			isa = PBXGroup;
			children = (
				3BF3590E1C29CDAA00714457 /* IssuesKitTests.swift */,
				3BF359101C29CDAA00714457 /* Info.plist */,
			);
			path = IssuesKitTests;
			sourceTree = "<group>";
		};
		3BF3591C1C29CE6F00714457 /* frameworks */ = {
			isa = PBXGroup;
			children = (
				3BF3591D1C29CE8200714457 /* Realm.framework */,
				3BF3591E1C29CE8200714457 /* RealmSwift.framework */,
			);
			name = frameworks;
			sourceTree = "<group>";
		};
		3BF359261C29D4DD00714457 /* Coordinators */ = {
			isa = PBXGroup;
			children = (
				3BF3592E1C2C11A100714457 /* Coordinator.swift */,
				3BF359301C2C144200714457 /* AccountListCoordinator.swift */,
				3BF359291C29D59200714457 /* AddAccountCoordinator.swift */,
				3BF359271C29D54000714457 /* ApplicationCoordinator.swift */,
			);
			name = Coordinators;
			sourceTree = "<group>";
		};
		3BF3592B1C2BA2A400714457 /* View Controllers */ = {
			isa = PBXGroup;
			children = (
				3B3B3E0C1C2DFB2800045C78 /* DataSources */,
				3BF3592C1C2BA2B700714457 /* ApplicationViewController.swift */,
				3BF359381C2C185000714457 /* AccountListViewController.swift */,
				3B7650271C2DF87400F1EBA7 /* Add Account */,
			);
			name = "View Controllers";
			sourceTree = "<group>";
		};
		3BF359321C2C149500714457 /* Models */ = {
			isa = PBXGroup;
			children = (
				3BF359331C2C149A00714457 /* Presentation Context */,
				3BF3593B1C2C1AFD00714457 /* CoordinatorStack.swift */,
				3B3B3E0F1C2DFF3600045C78 /* TrackingService.swift */,
			);
			name = Models;
			sourceTree = "<group>";
		};
		3BF359331C2C149A00714457 /* Presentation Context */ = {
			isa = PBXGroup;
			children = (
				3BF359341C2C14A200714457 /* PresentationContext.swift */,
				3BF359361C2C14B600714457 /* ViewControllerPresentationContext.swift */,
			);
			name = "Presentation Context";
			sourceTree = "<group>";
		};
/* End PBXGroup section */

/* Begin PBXHeadersBuildPhase section */
		3BF358FB1C29CDAA00714457 /* Headers */ = {
			isa = PBXHeadersBuildPhase;
			buildActionMask = 2147483647;
			files = (
				3BF359011C29CDAA00714457 /* IssuesKit.h in Headers */,
			);
			runOnlyForDeploymentPostprocessing = 0;
		};
/* End PBXHeadersBuildPhase section */

/* Begin PBXNativeTarget section */
		3BF358C71C29CD7E00714457 /* Issues */ = {
			isa = PBXNativeTarget;
			buildConfigurationList = 3BF358F01C29CD7E00714457 /* Build configuration list for PBXNativeTarget "Issues" */;
			buildPhases = (
				3BF358C41C29CD7E00714457 /* Sources */,
				3BF358C51C29CD7E00714457 /* Frameworks */,
				3BF358C61C29CD7E00714457 /* Resources */,
				3BF359181C29CDAA00714457 /* Embed Frameworks */,
				3BF359231C29CEEE00714457 /* Carthage */,
				3BF359241C29CF5000714457 /* Bump Build */,
				3BF359251C29CF9100714457 /* Linting */,
			);
			buildRules = (
			);
			dependencies = (
				3BF359121C29CDAA00714457 /* PBXTargetDependency */,
			);
			name = Issues;
			productName = Issues;
			productReference = 3BF358C81C29CD7E00714457 /* Issues.app */;
			productType = "com.apple.product-type.application";
		};
		3BF358E61C29CD7E00714457 /* IssuesUITests */ = {
			isa = PBXNativeTarget;
			buildConfigurationList = 3BF358F61C29CD7E00714457 /* Build configuration list for PBXNativeTarget "IssuesUITests" */;
			buildPhases = (
				3BF358E31C29CD7E00714457 /* Sources */,
				3BF358E41C29CD7E00714457 /* Frameworks */,
				3BF358E51C29CD7E00714457 /* Resources */,
			);
			buildRules = (
			);
			dependencies = (
				3BF358E91C29CD7E00714457 /* PBXTargetDependency */,
			);
			name = IssuesUITests;
			productName = IssuesUITests;
			productReference = 3BF358E71C29CD7E00714457 /* IssuesUITests.xctest */;
			productType = "com.apple.product-type.bundle.ui-testing";
		};
		3BF358FD1C29CDAA00714457 /* IssuesKit */ = {
			isa = PBXNativeTarget;
			buildConfigurationList = 3BF359151C29CDAA00714457 /* Build configuration list for PBXNativeTarget "IssuesKit" */;
			buildPhases = (
				3BF358F91C29CDAA00714457 /* Sources */,
				3BF358FA1C29CDAA00714457 /* Frameworks */,
				3BF358FB1C29CDAA00714457 /* Headers */,
				3BF358FC1C29CDAA00714457 /* Resources */,
			);
			buildRules = (
			);
			dependencies = (
			);
			name = IssuesKit;
			productName = IssuesKit;
			productReference = 3BF358FE1C29CDAA00714457 /* IssuesKit.framework */;
			productType = "com.apple.product-type.framework";
		};
		3BF359061C29CDAA00714457 /* IssuesKitTests */ = {
			isa = PBXNativeTarget;
			buildConfigurationList = 3BF359191C29CDAA00714457 /* Build configuration list for PBXNativeTarget "IssuesKitTests" */;
			buildPhases = (
				3BF359031C29CDAA00714457 /* Sources */,
				3BF359041C29CDAA00714457 /* Frameworks */,
				3BF359051C29CDAA00714457 /* Resources */,
			);
			buildRules = (
			);
			dependencies = (
				3BF3590A1C29CDAA00714457 /* PBXTargetDependency */,
				3BF3590C1C29CDAA00714457 /* PBXTargetDependency */,
			);
			name = IssuesKitTests;
			productName = IssuesKitTests;
			productReference = 3BF359071C29CDAA00714457 /* IssuesKitTests.xctest */;
			productType = "com.apple.product-type.bundle.unit-test";
		};
/* End PBXNativeTarget section */

/* Begin PBXProject section */
		3BF358C01C29CD7E00714457 /* Project object */ = {
			isa = PBXProject;
			attributes = {
				LastSwiftUpdateCheck = 0720;
				LastUpgradeCheck = 0720;
				ORGANIZATIONNAME = "Jonathan Bennett";
				TargetAttributes = {
					3BF358C71C29CD7E00714457 = {
						CreatedOnToolsVersion = 7.2;
					};
					3BF358E61C29CD7E00714457 = {
						CreatedOnToolsVersion = 7.2;
						TestTargetID = 3BF358C71C29CD7E00714457;
					};
					3BF358FD1C29CDAA00714457 = {
						CreatedOnToolsVersion = 7.2;
					};
					3BF359061C29CDAA00714457 = {
						CreatedOnToolsVersion = 7.2;
						TestTargetID = 3BF358C71C29CD7E00714457;
					};
				};
			};
			buildConfigurationList = 3BF358C31C29CD7E00714457 /* Build configuration list for PBXProject "Issues" */;
			compatibilityVersion = "Xcode 3.2";
			developmentRegion = English;
			hasScannedForEncodings = 0;
			knownRegions = (
				en,
				Base,
			);
			mainGroup = 3BF358BF1C29CD7E00714457;
			productRefGroup = 3BF358C91C29CD7E00714457 /* Products */;
			projectDirPath = "";
			projectRoot = "";
			targets = (
				3BF358C71C29CD7E00714457 /* Issues */,
				3BF358E61C29CD7E00714457 /* IssuesUITests */,
				3BF358FD1C29CDAA00714457 /* IssuesKit */,
				3BF359061C29CDAA00714457 /* IssuesKitTests */,
			);
		};
/* End PBXProject section */

/* Begin PBXResourcesBuildPhase section */
		3BF358C61C29CD7E00714457 /* Resources */ = {
			isa = PBXResourcesBuildPhase;
			buildActionMask = 2147483647;
			files = (
				3BF358D61C29CD7E00714457 /* LaunchScreen.storyboard in Resources */,
				3BF358D31C29CD7E00714457 /* Assets.xcassets in Resources */,
			);
			runOnlyForDeploymentPostprocessing = 0;
		};
		3BF358E51C29CD7E00714457 /* Resources */ = {
			isa = PBXResourcesBuildPhase;
			buildActionMask = 2147483647;
			files = (
			);
			runOnlyForDeploymentPostprocessing = 0;
		};
		3BF358FC1C29CDAA00714457 /* Resources */ = {
			isa = PBXResourcesBuildPhase;
			buildActionMask = 2147483647;
			files = (
				3B7650221C2DF38100F1EBA7 /* ServiceAssets.xcassets in Resources */,
				3B3E2B9B1C2D156D008311D3 /* AddAccount.storyboard in Resources */,
			);
			runOnlyForDeploymentPostprocessing = 0;
		};
		3BF359051C29CDAA00714457 /* Resources */ = {
			isa = PBXResourcesBuildPhase;
			buildActionMask = 2147483647;
			files = (
			);
			runOnlyForDeploymentPostprocessing = 0;
		};
/* End PBXResourcesBuildPhase section */

/* Begin PBXShellScriptBuildPhase section */
		3BF359231C29CEEE00714457 /* Carthage */ = {
			isa = PBXShellScriptBuildPhase;
			buildActionMask = 2147483647;
			files = (
			);
			inputPaths = (
				"$(SRCROOT)/Carthage/build/iOS/Realm.framework",
				"$(SRCROOT)/Carthage/build/iOS/RealmSwift.framework",
			);
			name = Carthage;
			outputPaths = (
			);
			runOnlyForDeploymentPostprocessing = 0;
			shellPath = /bin/sh;
			shellScript = "carthage copy-frameworks\n";
		};
		3BF359241C29CF5000714457 /* Bump Build */ = {
			isa = PBXShellScriptBuildPhase;
			buildActionMask = 2147483647;
			files = (
			);
			inputPaths = (
			);
			name = "Bump Build";
			outputPaths = (
			);
			runOnlyForDeploymentPostprocessing = 0;
			shellPath = /bin/sh;
			shellScript = scripts/set_build_number.sh;
		};
		3BF359251C29CF9100714457 /* Linting */ = {
			isa = PBXShellScriptBuildPhase;
			buildActionMask = 2147483647;
			files = (
			);
			inputPaths = (
			);
			name = Linting;
			outputPaths = (
			);
			runOnlyForDeploymentPostprocessing = 0;
			shellPath = /bin/sh;
			shellScript = swiftlint;
		};
/* End PBXShellScriptBuildPhase section */

/* Begin PBXSourcesBuildPhase section */
		3BF358C41C29CD7E00714457 /* Sources */ = {
			isa = PBXSourcesBuildPhase;
			buildActionMask = 2147483647;
			files = (
				3BF358CC1C29CD7E00714457 /* AppDelegate.swift in Sources */,
			);
			runOnlyForDeploymentPostprocessing = 0;
		};
		3BF358E31C29CD7E00714457 /* Sources */ = {
			isa = PBXSourcesBuildPhase;
			buildActionMask = 2147483647;
			files = (
				3BF358EC1C29CD7E00714457 /* IssuesUITests.swift in Sources */,
			);
			runOnlyForDeploymentPostprocessing = 0;
		};
		3BF358F91C29CDAA00714457 /* Sources */ = {
			isa = PBXSourcesBuildPhase;
			buildActionMask = 2147483647;
			files = (
				3B7650261C2DF6CD00F1EBA7 /* ServiceTypeTableViewCell.swift in Sources */,
				3BF3592F1C2C11A100714457 /* Coordinator.swift in Sources */,
				3B3B3E0E1C2DFB3900045C78 /* SimpleDataSource.swift in Sources */,
				3BF359311C2C144200714457 /* AccountListCoordinator.swift in Sources */,
				3B3B3E101C2DFF3600045C78 /* TrackingService.swift in Sources */,
				3B3E2B971C2D1430008311D3 /* AddAccountViewController.swift in Sources */,
				3BF359391C2C185000714457 /* AccountListViewController.swift in Sources */,
				3B3B3E131C2DFF8C00045C78 /* SerivceLoginViewControllerFactory.swift in Sources */,
				3BF359371C2C14B600714457 /* ViewControllerPresentationContext.swift in Sources */,
				3BF3592A1C29D59200714457 /* AddAccountCoordinator.swift in Sources */,
				3BF359351C2C14A200714457 /* PresentationContext.swift in Sources */,
				3BF359281C29D54000714457 /* ApplicationCoordinator.swift in Sources */,
				3BF3593C1C2C1AFD00714457 /* CoordinatorStack.swift in Sources */,
				3B7650291C2DF92300F1EBA7 /* ServiceListViewController.swift in Sources */,
				3BF3592D1C2BA2B700714457 /* ApplicationViewController.swift in Sources */,
			);
			runOnlyForDeploymentPostprocessing = 0;
		};
		3BF359031C29CDAA00714457 /* Sources */ = {
			isa = PBXSourcesBuildPhase;
			buildActionMask = 2147483647;
			files = (
				3BF3590F1C29CDAA00714457 /* IssuesKitTests.swift in Sources */,
			);
			runOnlyForDeploymentPostprocessing = 0;
		};
/* End PBXSourcesBuildPhase section */

/* Begin PBXTargetDependency section */
		3BF358E91C29CD7E00714457 /* PBXTargetDependency */ = {
			isa = PBXTargetDependency;
			target = 3BF358C71C29CD7E00714457 /* Issues */;
			targetProxy = 3BF358E81C29CD7E00714457 /* PBXContainerItemProxy */;
		};
		3BF3590A1C29CDAA00714457 /* PBXTargetDependency */ = {
			isa = PBXTargetDependency;
			target = 3BF358FD1C29CDAA00714457 /* IssuesKit */;
			targetProxy = 3BF359091C29CDAA00714457 /* PBXContainerItemProxy */;
		};
		3BF3590C1C29CDAA00714457 /* PBXTargetDependency */ = {
			isa = PBXTargetDependency;
			target = 3BF358C71C29CD7E00714457 /* Issues */;
			targetProxy = 3BF3590B1C29CDAA00714457 /* PBXContainerItemProxy */;
		};
		3BF359121C29CDAA00714457 /* PBXTargetDependency */ = {
			isa = PBXTargetDependency;
			target = 3BF358FD1C29CDAA00714457 /* IssuesKit */;
			targetProxy = 3BF359111C29CDAA00714457 /* PBXContainerItemProxy */;
		};
/* End PBXTargetDependency section */

/* Begin PBXVariantGroup section */
		3BF358D41C29CD7E00714457 /* LaunchScreen.storyboard */ = {
			isa = PBXVariantGroup;
			children = (
				3BF358D51C29CD7E00714457 /* Base */,
			);
			name = LaunchScreen.storyboard;
			sourceTree = "<group>";
		};
/* End PBXVariantGroup section */

/* Begin XCBuildConfiguration section */
		3BF358EE1C29CD7E00714457 /* Debug */ = {
			isa = XCBuildConfiguration;
			buildSettings = {
				ALWAYS_SEARCH_USER_PATHS = NO;
				CLANG_CXX_LANGUAGE_STANDARD = "gnu++0x";
				CLANG_CXX_LIBRARY = "libc++";
				CLANG_ENABLE_MODULES = YES;
				CLANG_ENABLE_OBJC_ARC = YES;
				CLANG_WARN_BOOL_CONVERSION = YES;
				CLANG_WARN_CONSTANT_CONVERSION = YES;
				CLANG_WARN_DIRECT_OBJC_ISA_USAGE = YES_ERROR;
				CLANG_WARN_EMPTY_BODY = YES;
				CLANG_WARN_ENUM_CONVERSION = YES;
				CLANG_WARN_INT_CONVERSION = YES;
				CLANG_WARN_OBJC_ROOT_CLASS = YES_ERROR;
				CLANG_WARN_UNREACHABLE_CODE = YES;
				CLANG_WARN__DUPLICATE_METHOD_MATCH = YES;
				"CODE_SIGN_IDENTITY[sdk=iphoneos*]" = "iPhone Developer";
				COPY_PHASE_STRIP = NO;
				DEBUG_INFORMATION_FORMAT = dwarf;
				ENABLE_STRICT_OBJC_MSGSEND = YES;
				ENABLE_TESTABILITY = YES;
				GCC_C_LANGUAGE_STANDARD = gnu99;
				GCC_DYNAMIC_NO_PIC = NO;
				GCC_NO_COMMON_BLOCKS = YES;
				GCC_OPTIMIZATION_LEVEL = 0;
				GCC_PREPROCESSOR_DEFINITIONS = (
					"DEBUG=1",
					"$(inherited)",
				);
				GCC_WARN_64_TO_32_BIT_CONVERSION = YES;
				GCC_WARN_ABOUT_RETURN_TYPE = YES_ERROR;
				GCC_WARN_UNDECLARED_SELECTOR = YES;
				GCC_WARN_UNINITIALIZED_AUTOS = YES_AGGRESSIVE;
				GCC_WARN_UNUSED_FUNCTION = YES;
				GCC_WARN_UNUSED_VARIABLE = YES;
				IPHONEOS_DEPLOYMENT_TARGET = 9.2;
				MTL_ENABLE_DEBUG_INFO = YES;
				ONLY_ACTIVE_ARCH = YES;
				SDKROOT = iphoneos;
				SWIFT_OPTIMIZATION_LEVEL = "-Onone";
				TARGETED_DEVICE_FAMILY = "1,2";
			};
			name = Debug;
		};
		3BF358EF1C29CD7E00714457 /* Release */ = {
			isa = XCBuildConfiguration;
			buildSettings = {
				ALWAYS_SEARCH_USER_PATHS = NO;
				CLANG_CXX_LANGUAGE_STANDARD = "gnu++0x";
				CLANG_CXX_LIBRARY = "libc++";
				CLANG_ENABLE_MODULES = YES;
				CLANG_ENABLE_OBJC_ARC = YES;
				CLANG_WARN_BOOL_CONVERSION = YES;
				CLANG_WARN_CONSTANT_CONVERSION = YES;
				CLANG_WARN_DIRECT_OBJC_ISA_USAGE = YES_ERROR;
				CLANG_WARN_EMPTY_BODY = YES;
				CLANG_WARN_ENUM_CONVERSION = YES;
				CLANG_WARN_INT_CONVERSION = YES;
				CLANG_WARN_OBJC_ROOT_CLASS = YES_ERROR;
				CLANG_WARN_UNREACHABLE_CODE = YES;
				CLANG_WARN__DUPLICATE_METHOD_MATCH = YES;
				"CODE_SIGN_IDENTITY[sdk=iphoneos*]" = "iPhone Developer";
				COPY_PHASE_STRIP = NO;
				DEBUG_INFORMATION_FORMAT = "dwarf-with-dsym";
				ENABLE_NS_ASSERTIONS = NO;
				ENABLE_STRICT_OBJC_MSGSEND = YES;
				GCC_C_LANGUAGE_STANDARD = gnu99;
				GCC_NO_COMMON_BLOCKS = YES;
				GCC_WARN_64_TO_32_BIT_CONVERSION = YES;
				GCC_WARN_ABOUT_RETURN_TYPE = YES_ERROR;
				GCC_WARN_UNDECLARED_SELECTOR = YES;
				GCC_WARN_UNINITIALIZED_AUTOS = YES_AGGRESSIVE;
				GCC_WARN_UNUSED_FUNCTION = YES;
				GCC_WARN_UNUSED_VARIABLE = YES;
				IPHONEOS_DEPLOYMENT_TARGET = 9.2;
				MTL_ENABLE_DEBUG_INFO = NO;
				SDKROOT = iphoneos;
				TARGETED_DEVICE_FAMILY = "1,2";
				VALIDATE_PRODUCT = YES;
			};
			name = Release;
		};
		3BF358F11C29CD7E00714457 /* Debug */ = {
			isa = XCBuildConfiguration;
			buildSettings = {
				ASSETCATALOG_COMPILER_APPICON_NAME = AppIcon;
				EMBEDDED_CONTENT_CONTAINS_SWIFT = YES;
				FRAMEWORK_SEARCH_PATHS = (
					"$(inherited)",
					"$(PROJECT_DIR)/Carthage/Build/iOS",
				);
				INFOPLIST_FILE = Issues/Info.plist;
				LD_RUNPATH_SEARCH_PATHS = "$(inherited) @executable_path/Frameworks";
				PRODUCT_BUNDLE_IDENTIFIER = com.jbennett.Issues;
				PRODUCT_NAME = "$(TARGET_NAME)";
			};
			name = Debug;
		};
		3BF358F21C29CD7E00714457 /* Release */ = {
			isa = XCBuildConfiguration;
			buildSettings = {
				ASSETCATALOG_COMPILER_APPICON_NAME = AppIcon;
				EMBEDDED_CONTENT_CONTAINS_SWIFT = YES;
				FRAMEWORK_SEARCH_PATHS = (
					"$(inherited)",
					"$(PROJECT_DIR)/Carthage/Build/iOS",
				);
				INFOPLIST_FILE = Issues/Info.plist;
				LD_RUNPATH_SEARCH_PATHS = "$(inherited) @executable_path/Frameworks";
				PRODUCT_BUNDLE_IDENTIFIER = com.jbennett.Issues;
				PRODUCT_NAME = "$(TARGET_NAME)";
			};
			name = Release;
		};
		3BF358F71C29CD7E00714457 /* Debug */ = {
			isa = XCBuildConfiguration;
			buildSettings = {
				INFOPLIST_FILE = IssuesUITests/Info.plist;
				LD_RUNPATH_SEARCH_PATHS = "$(inherited) @executable_path/Frameworks @loader_path/Frameworks";
				PRODUCT_BUNDLE_IDENTIFIER = com.jbennett.IssuesUITests;
				PRODUCT_NAME = "$(TARGET_NAME)";
				TEST_TARGET_NAME = Issues;
				USES_XCTRUNNER = YES;
			};
			name = Debug;
		};
		3BF358F81C29CD7E00714457 /* Release */ = {
			isa = XCBuildConfiguration;
			buildSettings = {
				INFOPLIST_FILE = IssuesUITests/Info.plist;
				LD_RUNPATH_SEARCH_PATHS = "$(inherited) @executable_path/Frameworks @loader_path/Frameworks";
				PRODUCT_BUNDLE_IDENTIFIER = com.jbennett.IssuesUITests;
				PRODUCT_NAME = "$(TARGET_NAME)";
				TEST_TARGET_NAME = Issues;
				USES_XCTRUNNER = YES;
			};
			name = Release;
		};
		3BF359161C29CDAA00714457 /* Debug */ = {
			isa = XCBuildConfiguration;
			buildSettings = {
				CLANG_ENABLE_MODULES = YES;
				CURRENT_PROJECT_VERSION = 1;
				DEFINES_MODULE = YES;
				DYLIB_COMPATIBILITY_VERSION = 1;
				DYLIB_CURRENT_VERSION = 1;
				DYLIB_INSTALL_NAME_BASE = "@rpath";
				FRAMEWORK_SEARCH_PATHS = (
					"$(inherited)",
					"$(PROJECT_DIR)/Carthage/Build/iOS",
				);
				INFOPLIST_FILE = IssuesKit/Info.plist;
				INSTALL_PATH = "$(LOCAL_LIBRARY_DIR)/Frameworks";
				LD_RUNPATH_SEARCH_PATHS = "$(inherited) @executable_path/Frameworks @loader_path/Frameworks";
				PRODUCT_BUNDLE_IDENTIFIER = com.jbennett.IssuesKit;
				PRODUCT_NAME = "$(TARGET_NAME)";
				SKIP_INSTALL = YES;
				SWIFT_OPTIMIZATION_LEVEL = "-Onone";
				VERSIONING_SYSTEM = "apple-generic";
				VERSION_INFO_PREFIX = "";
			};
			name = Debug;
		};
		3BF359171C29CDAA00714457 /* Release */ = {
			isa = XCBuildConfiguration;
			buildSettings = {
				CLANG_ENABLE_MODULES = YES;
				CURRENT_PROJECT_VERSION = 1;
				DEFINES_MODULE = YES;
				DYLIB_COMPATIBILITY_VERSION = 1;
				DYLIB_CURRENT_VERSION = 1;
				DYLIB_INSTALL_NAME_BASE = "@rpath";
				FRAMEWORK_SEARCH_PATHS = (
					"$(inherited)",
					"$(PROJECT_DIR)/Carthage/Build/iOS",
				);
				INFOPLIST_FILE = IssuesKit/Info.plist;
				INSTALL_PATH = "$(LOCAL_LIBRARY_DIR)/Frameworks";
				LD_RUNPATH_SEARCH_PATHS = "$(inherited) @executable_path/Frameworks @loader_path/Frameworks";
				PRODUCT_BUNDLE_IDENTIFIER = com.jbennett.IssuesKit;
				PRODUCT_NAME = "$(TARGET_NAME)";
				SKIP_INSTALL = YES;
				VERSIONING_SYSTEM = "apple-generic";
				VERSION_INFO_PREFIX = "";
			};
			name = Release;
		};
		3BF3591A1C29CDAA00714457 /* Debug */ = {
			isa = XCBuildConfiguration;
			buildSettings = {
				INFOPLIST_FILE = IssuesKitTests/Info.plist;
				LD_RUNPATH_SEARCH_PATHS = "$(inherited) @executable_path/Frameworks @loader_path/Frameworks";
				PRODUCT_BUNDLE_IDENTIFIER = com.jbennett.IssuesKitTests;
				PRODUCT_NAME = "$(TARGET_NAME)";
				TEST_HOST = "$(BUILT_PRODUCTS_DIR)/Issues.app/Issues";
			};
			name = Debug;
		};
		3BF3591B1C29CDAA00714457 /* Release */ = {
			isa = XCBuildConfiguration;
			buildSettings = {
				INFOPLIST_FILE = IssuesKitTests/Info.plist;
				LD_RUNPATH_SEARCH_PATHS = "$(inherited) @executable_path/Frameworks @loader_path/Frameworks";
				PRODUCT_BUNDLE_IDENTIFIER = com.jbennett.IssuesKitTests;
				PRODUCT_NAME = "$(TARGET_NAME)";
				TEST_HOST = "$(BUILT_PRODUCTS_DIR)/Issues.app/Issues";
			};
			name = Release;
		};
/* End XCBuildConfiguration section */

/* Begin XCConfigurationList section */
		3BF358C31C29CD7E00714457 /* Build configuration list for PBXProject "Issues" */ = {
			isa = XCConfigurationList;
			buildConfigurations = (
				3BF358EE1C29CD7E00714457 /* Debug */,
				3BF358EF1C29CD7E00714457 /* Release */,
			);
			defaultConfigurationIsVisible = 0;
			defaultConfigurationName = Release;
		};
		3BF358F01C29CD7E00714457 /* Build configuration list for PBXNativeTarget "Issues" */ = {
			isa = XCConfigurationList;
			buildConfigurations = (
				3BF358F11C29CD7E00714457 /* Debug */,
				3BF358F21C29CD7E00714457 /* Release */,
			);
			defaultConfigurationIsVisible = 0;
			defaultConfigurationName = Release;
		};
		3BF358F61C29CD7E00714457 /* Build configuration list for PBXNativeTarget "IssuesUITests" */ = {
			isa = XCConfigurationList;
			buildConfigurations = (
				3BF358F71C29CD7E00714457 /* Debug */,
				3BF358F81C29CD7E00714457 /* Release */,
			);
			defaultConfigurationIsVisible = 0;
			defaultConfigurationName = Release;
		};
		3BF359151C29CDAA00714457 /* Build configuration list for PBXNativeTarget "IssuesKit" */ = {
			isa = XCConfigurationList;
			buildConfigurations = (
				3BF359161C29CDAA00714457 /* Debug */,
				3BF359171C29CDAA00714457 /* Release */,
			);
			defaultConfigurationIsVisible = 0;
			defaultConfigurationName = Release;
		};
		3BF359191C29CDAA00714457 /* Build configuration list for PBXNativeTarget "IssuesKitTests" */ = {
			isa = XCConfigurationList;
			buildConfigurations = (
				3BF3591A1C29CDAA00714457 /* Debug */,
				3BF3591B1C29CDAA00714457 /* Release */,
			);
			defaultConfigurationIsVisible = 0;
			defaultConfigurationName = Release;
		};
/* End XCConfigurationList section */
	};
	rootObject = 3BF358C01C29CD7E00714457 /* Project object */;
}
